// !$*UTF8*$!
{
	archiveVersion = 1;
	classes = {
	};
	objectVersion = 50;
	objects = {

/* Begin PBXBuildFile section */
		16CA30D621BDDBC100072E90 /* main.cpp in Sources */ = {isa = PBXBuildFile; fileRef = 16CA30D521BDDBC100072E90 /* main.cpp */; };
		16CA30E721BDDBEF00072E90 /* puzzle6.cpp in Sources */ = {isa = PBXBuildFile; fileRef = 16CA30DC21BDDBEE00072E90 /* puzzle6.cpp */; };
		16CA30E821BDDBEF00072E90 /* puzzle1.cpp in Sources */ = {isa = PBXBuildFile; fileRef = 16CA30DD21BDDBEE00072E90 /* puzzle1.cpp */; };
		16CA30E921BDDBEF00072E90 /* puzzle9.cpp in Sources */ = {isa = PBXBuildFile; fileRef = 16CA30DE21BDDBEE00072E90 /* puzzle9.cpp */; };
		16CA30EA21BDDBEF00072E90 /* puzzle5.cpp in Sources */ = {isa = PBXBuildFile; fileRef = 16CA30DF21BDDBEE00072E90 /* puzzle5.cpp */; };
		16CA30EB21BDDBEF00072E90 /* puzzle3.cpp in Sources */ = {isa = PBXBuildFile; fileRef = 16CA30E021BDDBEE00072E90 /* puzzle3.cpp */; };
		16CA30EC21BDDBEF00072E90 /* puzzle7.cpp in Sources */ = {isa = PBXBuildFile; fileRef = 16CA30E121BDDBEE00072E90 /* puzzle7.cpp */; };
		16CA30EE21BDDBEF00072E90 /* puzzle4.cpp in Sources */ = {isa = PBXBuildFile; fileRef = 16CA30E321BDDBEE00072E90 /* puzzle4.cpp */; };
		16CA30F021BDDBEF00072E90 /* puzzle8.cpp in Sources */ = {isa = PBXBuildFile; fileRef = 16CA30E521BDDBEF00072E90 /* puzzle8.cpp */; };
		16CA30F121BDDBEF00072E90 /* puzzle2.cpp in Sources */ = {isa = PBXBuildFile; fileRef = 16CA30E621BDDBEF00072E90 /* puzzle2.cpp */; };
		16CA30F521BDDE2E00072E90 /* AOCUtils.cpp in Sources */ = {isa = PBXBuildFile; fileRef = 16CA30F421BDDE2E00072E90 /* AOCUtils.cpp */; };
		16CA312021C1F34500072E90 /* puzzle1_input.txt in CopyFiles */ = {isa = PBXBuildFile; fileRef = 16CA311621C1F33700072E90 /* puzzle1_input.txt */; };
		16CA312121C1F34500072E90 /* puzzle1_readme.txt in CopyFiles */ = {isa = PBXBuildFile; fileRef = 16CA311921C1F33700072E90 /* puzzle1_readme.txt */; };
		16CA312221C1F34500072E90 /* puzzle2_input.txt in CopyFiles */ = {isa = PBXBuildFile; fileRef = 16CA311F21C1F33700072E90 /* puzzle2_input.txt */; };
		16CA312321C1F34500072E90 /* puzzle3_input.txt in CopyFiles */ = {isa = PBXBuildFile; fileRef = 16CA311821C1F33700072E90 /* puzzle3_input.txt */; };
		16CA312421C1F34500072E90 /* puzzle4_input_unsorted.txt in CopyFiles */ = {isa = PBXBuildFile; fileRef = 16CA311A21C1F33700072E90 /* puzzle4_input_unsorted.txt */; };
		16CA312521C1F34500072E90 /* puzzle4_input.txt in CopyFiles */ = {isa = PBXBuildFile; fileRef = 16CA311E21C1F33700072E90 /* puzzle4_input.txt */; };
		16CA312621C1F34500072E90 /* puzzle5_input.txt in CopyFiles */ = {isa = PBXBuildFile; fileRef = 16CA311B21C1F33700072E90 /* puzzle5_input.txt */; };
		16CA312721C1F34500072E90 /* puzzle6_input.txt in CopyFiles */ = {isa = PBXBuildFile; fileRef = 16CA311721C1F33700072E90 /* puzzle6_input.txt */; };
		16CA312821C1F34500072E90 /* puzzle7_input.txt in CopyFiles */ = {isa = PBXBuildFile; fileRef = 16CA311D21C1F33700072E90 /* puzzle7_input.txt */; };
		16CA312921C1F34500072E90 /* puzzle8_input.txt in CopyFiles */ = {isa = PBXBuildFile; fileRef = 16CA311C21C1F33700072E90 /* puzzle8_input.txt */; };
		16CA312D21C1F82E00072E90 /* puzzle10.cpp in Sources */ = {isa = PBXBuildFile; fileRef = 16CA312C21C1F82E00072E90 /* puzzle10.cpp */; };
		16CA312E21C1FB6A00072E90 /* test_input.txt in CopyFiles */ = {isa = PBXBuildFile; fileRef = 16CA312A21C1F7CC00072E90 /* test_input.txt */; };
		16CA313021C2029600072E90 /* puzzle10_input.txt in CopyFiles */ = {isa = PBXBuildFile; fileRef = 16CA312F21C2027A00072E90 /* puzzle10_input.txt */; };
		16CA313321C4177300072E90 /* puzzle11.cpp in Sources */ = {isa = PBXBuildFile; fileRef = 16CA313221C4177200072E90 /* puzzle11.cpp */; };
		16CA313621C4776A00072E90 /* puzzle12.cpp in Sources */ = {isa = PBXBuildFile; fileRef = 16CA313521C4776A00072E90 /* puzzle12.cpp */; };
		16CA313821C48ACF00072E90 /* puzzle12_input.txt in CopyFiles */ = {isa = PBXBuildFile; fileRef = 16CA313721C48AB900072E90 /* puzzle12_input.txt */; };
/* End PBXBuildFile section */

/* Begin PBXCopyFilesBuildPhase section */
		16CA30D021BDDBC100072E90 /* CopyFiles */ = {
			isa = PBXCopyFilesBuildPhase;
			buildActionMask = 12;
			dstPath = input_data;
			dstSubfolderSpec = 7;
			files = (
				16CA313821C48ACF00072E90 /* puzzle12_input.txt in CopyFiles */,
				16CA313021C2029600072E90 /* puzzle10_input.txt in CopyFiles */,
				16CA312E21C1FB6A00072E90 /* test_input.txt in CopyFiles */,
				16CA312021C1F34500072E90 /* puzzle1_input.txt in CopyFiles */,
				16CA312121C1F34500072E90 /* puzzle1_readme.txt in CopyFiles */,
				16CA312221C1F34500072E90 /* puzzle2_input.txt in CopyFiles */,
				16CA312321C1F34500072E90 /* puzzle3_input.txt in CopyFiles */,
				16CA312421C1F34500072E90 /* puzzle4_input_unsorted.txt in CopyFiles */,
				16CA312521C1F34500072E90 /* puzzle4_input.txt in CopyFiles */,
				16CA312621C1F34500072E90 /* puzzle5_input.txt in CopyFiles */,
				16CA312721C1F34500072E90 /* puzzle6_input.txt in CopyFiles */,
				16CA312821C1F34500072E90 /* puzzle7_input.txt in CopyFiles */,
				16CA312921C1F34500072E90 /* puzzle8_input.txt in CopyFiles */,
			);
			runOnlyForDeploymentPostprocessing = 0;
		};
/* End PBXCopyFilesBuildPhase section */

/* Begin PBXFileReference section */
		16CA30D221BDDBC100072E90 /* AdventOfCode */ = {isa = PBXFileReference; explicitFileType = "compiled.mach-o.executable"; includeInIndex = 0; path = AdventOfCode; sourceTree = BUILT_PRODUCTS_DIR; };
		16CA30D521BDDBC100072E90 /* main.cpp */ = {isa = PBXFileReference; lastKnownFileType = sourcecode.cpp.cpp; path = main.cpp; sourceTree = "<group>"; };
		16CA30DC21BDDBEE00072E90 /* puzzle6.cpp */ = {isa = PBXFileReference; fileEncoding = 4; lastKnownFileType = sourcecode.cpp.cpp; path = puzzle6.cpp; sourceTree = "<group>"; };
		16CA30DD21BDDBEE00072E90 /* puzzle1.cpp */ = {isa = PBXFileReference; fileEncoding = 4; lastKnownFileType = sourcecode.cpp.cpp; path = puzzle1.cpp; sourceTree = "<group>"; };
		16CA30DE21BDDBEE00072E90 /* puzzle9.cpp */ = {isa = PBXFileReference; fileEncoding = 4; lastKnownFileType = sourcecode.cpp.cpp; path = puzzle9.cpp; sourceTree = "<group>"; };
		16CA30DF21BDDBEE00072E90 /* puzzle5.cpp */ = {isa = PBXFileReference; fileEncoding = 4; lastKnownFileType = sourcecode.cpp.cpp; path = puzzle5.cpp; sourceTree = "<group>"; };
		16CA30E021BDDBEE00072E90 /* puzzle3.cpp */ = {isa = PBXFileReference; fileEncoding = 4; lastKnownFileType = sourcecode.cpp.cpp; path = puzzle3.cpp; sourceTree = "<group>"; };
		16CA30E121BDDBEE00072E90 /* puzzle7.cpp */ = {isa = PBXFileReference; fileEncoding = 4; lastKnownFileType = sourcecode.cpp.cpp; path = puzzle7.cpp; sourceTree = "<group>"; };
		16CA30E321BDDBEE00072E90 /* puzzle4.cpp */ = {isa = PBXFileReference; fileEncoding = 4; lastKnownFileType = sourcecode.cpp.cpp; path = puzzle4.cpp; sourceTree = "<group>"; };
		16CA30E521BDDBEF00072E90 /* puzzle8.cpp */ = {isa = PBXFileReference; fileEncoding = 4; lastKnownFileType = sourcecode.cpp.cpp; path = puzzle8.cpp; sourceTree = "<group>"; };
		16CA30E621BDDBEF00072E90 /* puzzle2.cpp */ = {isa = PBXFileReference; fileEncoding = 4; lastKnownFileType = sourcecode.cpp.cpp; path = puzzle2.cpp; sourceTree = "<group>"; };
		16CA30F221BDDC3E00072E90 /* puzzle1.hpp */ = {isa = PBXFileReference; lastKnownFileType = sourcecode.cpp.h; path = puzzle1.hpp; sourceTree = "<group>"; };
		16CA30F321BDDE2E00072E90 /* AOCUtils.hpp */ = {isa = PBXFileReference; lastKnownFileType = sourcecode.cpp.h; path = AOCUtils.hpp; sourceTree = "<group>"; };
		16CA30F421BDDE2E00072E90 /* AOCUtils.cpp */ = {isa = PBXFileReference; lastKnownFileType = sourcecode.cpp.cpp; path = AOCUtils.cpp; sourceTree = "<group>"; };
		16CA30F621BDDEF800072E90 /* puzzle.hpp */ = {isa = PBXFileReference; lastKnownFileType = sourcecode.cpp.h; path = puzzle.hpp; sourceTree = "<group>"; };
		16CA30F921BDE76700072E90 /* puzzle2.hpp */ = {isa = PBXFileReference; lastKnownFileType = sourcecode.cpp.h; path = puzzle2.hpp; sourceTree = "<group>"; };
		16CA30FA21BDE98900072E90 /* puzzle3.hpp */ = {isa = PBXFileReference; lastKnownFileType = sourcecode.cpp.h; path = puzzle3.hpp; sourceTree = "<group>"; };
		16CA30FB21BE13B500072E90 /* puzzle4.hpp */ = {isa = PBXFileReference; lastKnownFileType = sourcecode.cpp.h; path = puzzle4.hpp; sourceTree = "<group>"; };
		16CA30FC21BE16AC00072E90 /* puzzle5.hpp */ = {isa = PBXFileReference; lastKnownFileType = sourcecode.cpp.h; path = puzzle5.hpp; sourceTree = "<group>"; };
		16CA30FD21BE18EE00072E90 /* puzzle6.hpp */ = {isa = PBXFileReference; lastKnownFileType = sourcecode.cpp.h; path = puzzle6.hpp; sourceTree = "<group>"; };
		16CA30FE21C1E88500072E90 /* puzzle7.hpp */ = {isa = PBXFileReference; lastKnownFileType = sourcecode.cpp.h; path = puzzle7.hpp; sourceTree = "<group>"; };
		16CA30FF21C1EAF500072E90 /* puzzle8.hpp */ = {isa = PBXFileReference; lastKnownFileType = sourcecode.cpp.h; path = puzzle8.hpp; sourceTree = "<group>"; };
		16CA310021C1ED0D00072E90 /* puzzle9.hpp */ = {isa = PBXFileReference; lastKnownFileType = sourcecode.cpp.h; path = puzzle9.hpp; sourceTree = "<group>"; };
		16CA311621C1F33700072E90 /* puzzle1_input.txt */ = {isa = PBXFileReference; fileEncoding = 4; lastKnownFileType = text; name = puzzle1_input.txt; path = AdventOfCode/input_data/puzzle1_input.txt; sourceTree = SOURCE_ROOT; };
		16CA311721C1F33700072E90 /* puzzle6_input.txt */ = {isa = PBXFileReference; fileEncoding = 4; lastKnownFileType = text; name = puzzle6_input.txt; path = AdventOfCode/input_data/puzzle6_input.txt; sourceTree = SOURCE_ROOT; };
		16CA311821C1F33700072E90 /* puzzle3_input.txt */ = {isa = PBXFileReference; fileEncoding = 4; lastKnownFileType = text; name = puzzle3_input.txt; path = AdventOfCode/input_data/puzzle3_input.txt; sourceTree = SOURCE_ROOT; };
		16CA311921C1F33700072E90 /* puzzle1_readme.txt */ = {isa = PBXFileReference; fileEncoding = 4; lastKnownFileType = text; name = puzzle1_readme.txt; path = AdventOfCode/input_data/puzzle1_readme.txt; sourceTree = SOURCE_ROOT; };
		16CA311A21C1F33700072E90 /* puzzle4_input_unsorted.txt */ = {isa = PBXFileReference; fileEncoding = 4; lastKnownFileType = text; name = puzzle4_input_unsorted.txt; path = AdventOfCode/input_data/puzzle4_input_unsorted.txt; sourceTree = SOURCE_ROOT; };
		16CA311B21C1F33700072E90 /* puzzle5_input.txt */ = {isa = PBXFileReference; fileEncoding = 4; lastKnownFileType = text; name = puzzle5_input.txt; path = AdventOfCode/input_data/puzzle5_input.txt; sourceTree = SOURCE_ROOT; };
		16CA311C21C1F33700072E90 /* puzzle8_input.txt */ = {isa = PBXFileReference; fileEncoding = 4; lastKnownFileType = text; name = puzzle8_input.txt; path = AdventOfCode/input_data/puzzle8_input.txt; sourceTree = SOURCE_ROOT; };
		16CA311D21C1F33700072E90 /* puzzle7_input.txt */ = {isa = PBXFileReference; fileEncoding = 4; lastKnownFileType = text; name = puzzle7_input.txt; path = AdventOfCode/input_data/puzzle7_input.txt; sourceTree = SOURCE_ROOT; };
		16CA311E21C1F33700072E90 /* puzzle4_input.txt */ = {isa = PBXFileReference; fileEncoding = 4; lastKnownFileType = text; name = puzzle4_input.txt; path = AdventOfCode/input_data/puzzle4_input.txt; sourceTree = SOURCE_ROOT; };
		16CA311F21C1F33700072E90 /* puzzle2_input.txt */ = {isa = PBXFileReference; fileEncoding = 4; lastKnownFileType = text; name = puzzle2_input.txt; path = AdventOfCode/input_data/puzzle2_input.txt; sourceTree = SOURCE_ROOT; };
		16CA312A21C1F7CC00072E90 /* test_input.txt */ = {isa = PBXFileReference; fileEncoding = 4; lastKnownFileType = text; name = test_input.txt; path = AdventOfCode/input_data/test_input.txt; sourceTree = SOURCE_ROOT; };
		16CA312B21C1F82E00072E90 /* puzzle10.hpp */ = {isa = PBXFileReference; lastKnownFileType = sourcecode.cpp.h; path = puzzle10.hpp; sourceTree = "<group>"; };
		16CA312C21C1F82E00072E90 /* puzzle10.cpp */ = {isa = PBXFileReference; lastKnownFileType = sourcecode.cpp.cpp; path = puzzle10.cpp; sourceTree = "<group>"; };
		16CA312F21C2027A00072E90 /* puzzle10_input.txt */ = {isa = PBXFileReference; lastKnownFileType = text; name = puzzle10_input.txt; path = AdventOfCode/input_data/puzzle10_input.txt; sourceTree = SOURCE_ROOT; };
		16CA313121C4177200072E90 /* puzzle11.hpp */ = {isa = PBXFileReference; lastKnownFileType = sourcecode.cpp.h; path = puzzle11.hpp; sourceTree = "<group>"; };
		16CA313221C4177200072E90 /* puzzle11.cpp */ = {isa = PBXFileReference; lastKnownFileType = sourcecode.cpp.cpp; path = puzzle11.cpp; sourceTree = "<group>"; };
		16CA313421C4776A00072E90 /* puzzle12.hpp */ = {isa = PBXFileReference; lastKnownFileType = sourcecode.cpp.h; path = puzzle12.hpp; sourceTree = "<group>"; };
		16CA313521C4776A00072E90 /* puzzle12.cpp */ = {isa = PBXFileReference; lastKnownFileType = sourcecode.cpp.cpp; path = puzzle12.cpp; sourceTree = "<group>"; };
		16CA313721C48AB900072E90 /* puzzle12_input.txt */ = {isa = PBXFileReference; lastKnownFileType = text; path = puzzle12_input.txt; sourceTree = "<group>"; };
/* End PBXFileReference section */

/* Begin PBXFrameworksBuildPhase section */
		16CA30CF21BDDBC100072E90 /* Frameworks */ = {
			isa = PBXFrameworksBuildPhase;
			buildActionMask = 2147483647;
			files = (
			);
			runOnlyForDeploymentPostprocessing = 0;
		};
/* End PBXFrameworksBuildPhase section */

/* Begin PBXGroup section */
		16CA30C921BDDBC100072E90 = {
			isa = PBXGroup;
			children = (
				16CA30D421BDDBC100072E90 /* AdventOfCode */,
				16CA30D321BDDBC100072E90 /* Products */,
			);
			sourceTree = "<group>";
		};
		16CA30D321BDDBC100072E90 /* Products */ = {
			isa = PBXGroup;
			children = (
				16CA30D221BDDBC100072E90 /* AdventOfCode */,
			);
			name = Products;
			sourceTree = "<group>";
		};
		16CA30D421BDDBC100072E90 /* AdventOfCode */ = {
			isa = PBXGroup;
			children = (
				16CA311521C1F2FD00072E90 /* Resources */,
				16CA30F221BDDC3E00072E90 /* puzzle1.hpp */,
				16CA30DD21BDDBEE00072E90 /* puzzle1.cpp */,
				16CA30F921BDE76700072E90 /* puzzle2.hpp */,
				16CA30E621BDDBEF00072E90 /* puzzle2.cpp */,
				16CA30FA21BDE98900072E90 /* puzzle3.hpp */,
				16CA30E021BDDBEE00072E90 /* puzzle3.cpp */,
				16CA30FB21BE13B500072E90 /* puzzle4.hpp */,
				16CA30E321BDDBEE00072E90 /* puzzle4.cpp */,
				16CA30FC21BE16AC00072E90 /* puzzle5.hpp */,
				16CA30DF21BDDBEE00072E90 /* puzzle5.cpp */,
				16CA30FD21BE18EE00072E90 /* puzzle6.hpp */,
				16CA30DC21BDDBEE00072E90 /* puzzle6.cpp */,
				16CA30FE21C1E88500072E90 /* puzzle7.hpp */,
				16CA30E121BDDBEE00072E90 /* puzzle7.cpp */,
				16CA30FF21C1EAF500072E90 /* puzzle8.hpp */,
				16CA30E521BDDBEF00072E90 /* puzzle8.cpp */,
				16CA310021C1ED0D00072E90 /* puzzle9.hpp */,
				16CA30DE21BDDBEE00072E90 /* puzzle9.cpp */,
				16CA312B21C1F82E00072E90 /* puzzle10.hpp */,
				16CA312C21C1F82E00072E90 /* puzzle10.cpp */,
				16CA313121C4177200072E90 /* puzzle11.hpp */,
				16CA313221C4177200072E90 /* puzzle11.cpp */,
				16CA313421C4776A00072E90 /* puzzle12.hpp */,
				16CA313521C4776A00072E90 /* puzzle12.cpp */,
				16CA30D521BDDBC100072E90 /* main.cpp */,
				16CA30F321BDDE2E00072E90 /* AOCUtils.hpp */,
				16CA30F421BDDE2E00072E90 /* AOCUtils.cpp */,
				16CA30F621BDDEF800072E90 /* puzzle.hpp */,
			);
			path = AdventOfCode;
			sourceTree = "<group>";
		};
		16CA311521C1F2FD00072E90 /* Resources */ = {
			isa = PBXGroup;
			children = (
				16CA312A21C1F7CC00072E90 /* test_input.txt */,
				16CA311621C1F33700072E90 /* puzzle1_input.txt */,
				16CA311921C1F33700072E90 /* puzzle1_readme.txt */,
				16CA311F21C1F33700072E90 /* puzzle2_input.txt */,
				16CA311821C1F33700072E90 /* puzzle3_input.txt */,
				16CA311A21C1F33700072E90 /* puzzle4_input_unsorted.txt */,
				16CA311E21C1F33700072E90 /* puzzle4_input.txt */,
				16CA311B21C1F33700072E90 /* puzzle5_input.txt */,
				16CA311721C1F33700072E90 /* puzzle6_input.txt */,
				16CA311D21C1F33700072E90 /* puzzle7_input.txt */,
				16CA311C21C1F33700072E90 /* puzzle8_input.txt */,
				16CA312F21C2027A00072E90 /* puzzle10_input.txt */,
				16CA313721C48AB900072E90 /* puzzle12_input.txt */,
			);
			path = Resources;
			sourceTree = "<group>";
		};
/* End PBXGroup section */

/* Begin PBXNativeTarget section */
		16CA30D121BDDBC100072E90 /* AdventOfCode */ = {
			isa = PBXNativeTarget;
			buildConfigurationList = 16CA30D921BDDBC100072E90 /* Build configuration list for PBXNativeTarget "AdventOfCode" */;
			buildPhases = (
				16CA30CE21BDDBC100072E90 /* Sources */,
				16CA30CF21BDDBC100072E90 /* Frameworks */,
				16CA30D021BDDBC100072E90 /* CopyFiles */,
			);
			buildRules = (
			);
			dependencies = (
			);
			name = AdventOfCode;
			productName = AdventOfCode;
			productReference = 16CA30D221BDDBC100072E90 /* AdventOfCode */;
			productType = "com.apple.product-type.tool";
		};
/* End PBXNativeTarget section */

/* Begin PBXProject section */
		16CA30CA21BDDBC100072E90 /* Project object */ = {
			isa = PBXProject;
			attributes = {
				LastUpgradeCheck = 1010;
				ORGANIZATIONNAME = "James Ging";
				TargetAttributes = {
					16CA30D121BDDBC100072E90 = {
						CreatedOnToolsVersion = 10.1;
					};
				};
			};
			buildConfigurationList = 16CA30CD21BDDBC100072E90 /* Build configuration list for PBXProject "AdventOfCode" */;
			compatibilityVersion = "Xcode 9.3";
			developmentRegion = en;
			hasScannedForEncodings = 0;
			knownRegions = (
				en,
			);
			mainGroup = 16CA30C921BDDBC100072E90;
			productRefGroup = 16CA30D321BDDBC100072E90 /* Products */;
			projectDirPath = "";
			projectRoot = "";
			targets = (
				16CA30D121BDDBC100072E90 /* AdventOfCode */,
			);
		};
/* End PBXProject section */

/* Begin PBXSourcesBuildPhase section */
		16CA30CE21BDDBC100072E90 /* Sources */ = {
			isa = PBXSourcesBuildPhase;
			buildActionMask = 2147483647;
			files = (
				16CA313621C4776A00072E90 /* puzzle12.cpp in Sources */,
				16CA30F121BDDBEF00072E90 /* puzzle2.cpp in Sources */,
				16CA30F021BDDBEF00072E90 /* puzzle8.cpp in Sources */,
				16CA30EA21BDDBEF00072E90 /* puzzle5.cpp in Sources */,
				16CA313321C4177300072E90 /* puzzle11.cpp in Sources */,
				16CA30E821BDDBEF00072E90 /* puzzle1.cpp in Sources */,
				16CA30E721BDDBEF00072E90 /* puzzle6.cpp in Sources */,
				16CA30EE21BDDBEF00072E90 /* puzzle4.cpp in Sources */,
				16CA30F521BDDE2E00072E90 /* AOCUtils.cpp in Sources */,
				16CA30EB21BDDBEF00072E90 /* puzzle3.cpp in Sources */,
				16CA312D21C1F82E00072E90 /* puzzle10.cpp in Sources */,
				16CA30D621BDDBC100072E90 /* main.cpp in Sources */,
				16CA30E921BDDBEF00072E90 /* puzzle9.cpp in Sources */,
				16CA30EC21BDDBEF00072E90 /* puzzle7.cpp in Sources */,
			);
			runOnlyForDeploymentPostprocessing = 0;
		};
/* End PBXSourcesBuildPhase section */

/* Begin XCBuildConfiguration section */
		16CA30D721BDDBC100072E90 /* Debug */ = {
			isa = XCBuildConfiguration;
			buildSettings = {
				ALWAYS_SEARCH_USER_PATHS = NO;
				CLANG_ANALYZER_NONNULL = YES;
				CLANG_ANALYZER_NUMBER_OBJECT_CONVERSION = YES_AGGRESSIVE;
				CLANG_CXX_LANGUAGE_STANDARD = "gnu++14";
				CLANG_CXX_LIBRARY = "libc++";
				CLANG_ENABLE_MODULES = YES;
				CLANG_ENABLE_OBJC_ARC = YES;
				CLANG_ENABLE_OBJC_WEAK = YES;
				CLANG_WARN_BLOCK_CAPTURE_AUTORELEASING = YES;
				CLANG_WARN_BOOL_CONVERSION = YES;
				CLANG_WARN_COMMA = YES;
				CLANG_WARN_CONSTANT_CONVERSION = YES;
				CLANG_WARN_DEPRECATED_OBJC_IMPLEMENTATIONS = YES;
				CLANG_WARN_DIRECT_OBJC_ISA_USAGE = YES_ERROR;
				CLANG_WARN_DOCUMENTATION_COMMENTS = YES;
				CLANG_WARN_EMPTY_BODY = YES;
				CLANG_WARN_ENUM_CONVERSION = YES;
				CLANG_WARN_INFINITE_RECURSION = YES;
				CLANG_WARN_INT_CONVERSION = YES;
				CLANG_WARN_NON_LITERAL_NULL_CONVERSION = YES;
				CLANG_WARN_OBJC_IMPLICIT_RETAIN_SELF = YES;
				CLANG_WARN_OBJC_LITERAL_CONVERSION = YES;
				CLANG_WARN_OBJC_ROOT_CLASS = YES_ERROR;
				CLANG_WARN_RANGE_LOOP_ANALYSIS = YES;
				CLANG_WARN_STRICT_PROTOTYPES = YES;
				CLANG_WARN_SUSPICIOUS_MOVE = YES;
				CLANG_WARN_UNGUARDED_AVAILABILITY = YES_AGGRESSIVE;
				CLANG_WARN_UNREACHABLE_CODE = YES;
				CLANG_WARN__DUPLICATE_METHOD_MATCH = YES;
				CODE_SIGN_IDENTITY = "-";
				COPY_PHASE_STRIP = NO;
				DEBUG_INFORMATION_FORMAT = dwarf;
				ENABLE_STRICT_OBJC_MSGSEND = YES;
				ENABLE_TESTABILITY = YES;
				GCC_C_LANGUAGE_STANDARD = gnu11;
				GCC_DYNAMIC_NO_PIC = NO;
				GCC_NO_COMMON_BLOCKS = YES;
				GCC_OPTIMIZATION_LEVEL = 0;
				GCC_PREPROCESSOR_DEFINITIONS = (
					"DEBUG=1",
					"$(inherited)",
				);
				GCC_WARN_64_TO_32_BIT_CONVERSION = YES;
				GCC_WARN_ABOUT_RETURN_TYPE = YES_ERROR;
				GCC_WARN_UNDECLARED_SELECTOR = YES;
				GCC_WARN_UNINITIALIZED_AUTOS = YES_AGGRESSIVE;
				GCC_WARN_UNUSED_FUNCTION = YES;
				GCC_WARN_UNUSED_VARIABLE = YES;
				MACOSX_DEPLOYMENT_TARGET = 10.14;
				MTL_ENABLE_DEBUG_INFO = INCLUDE_SOURCE;
				MTL_FAST_MATH = YES;
				ONLY_ACTIVE_ARCH = YES;
				SDKROOT = macosx;
			};
			name = Debug;
		};
		16CA30D821BDDBC100072E90 /* Release */ = {
			isa = XCBuildConfiguration;
			buildSettings = {
				ALWAYS_SEARCH_USER_PATHS = NO;
				CLANG_ANALYZER_NONNULL = YES;
				CLANG_ANALYZER_NUMBER_OBJECT_CONVERSION = YES_AGGRESSIVE;
				CLANG_CXX_LANGUAGE_STANDARD = "gnu++14";
				CLANG_CXX_LIBRARY = "libc++";
				CLANG_ENABLE_MODULES = YES;
				CLANG_ENABLE_OBJC_ARC = YES;
				CLANG_ENABLE_OBJC_WEAK = YES;
				CLANG_WARN_BLOCK_CAPTURE_AUTORELEASING = YES;
				CLANG_WARN_BOOL_CONVERSION = YES;
				CLANG_WARN_COMMA = YES;
				CLANG_WARN_CONSTANT_CONVERSION = YES;
				CLANG_WARN_DEPRECATED_OBJC_IMPLEMENTATIONS = YES;
				CLANG_WARN_DIRECT_OBJC_ISA_USAGE = YES_ERROR;
				CLANG_WARN_DOCUMENTATION_COMMENTS = YES;
				CLANG_WARN_EMPTY_BODY = YES;
				CLANG_WARN_ENUM_CONVERSION = YES;
				CLANG_WARN_INFINITE_RECURSION = YES;
				CLANG_WARN_INT_CONVERSION = YES;
				CLANG_WARN_NON_LITERAL_NULL_CONVERSION = YES;
				CLANG_WARN_OBJC_IMPLICIT_RETAIN_SELF = YES;
				CLANG_WARN_OBJC_LITERAL_CONVERSION = YES;
				CLANG_WARN_OBJC_ROOT_CLASS = YES_ERROR;
				CLANG_WARN_RANGE_LOOP_ANALYSIS = YES;
				CLANG_WARN_STRICT_PROTOTYPES = YES;
				CLANG_WARN_SUSPICIOUS_MOVE = YES;
				CLANG_WARN_UNGUARDED_AVAILABILITY = YES_AGGRESSIVE;
				CLANG_WARN_UNREACHABLE_CODE = YES;
				CLANG_WARN__DUPLICATE_METHOD_MATCH = YES;
				CODE_SIGN_IDENTITY = "-";
				COPY_PHASE_STRIP = NO;
				DEBUG_INFORMATION_FORMAT = "dwarf-with-dsym";
				ENABLE_NS_ASSERTIONS = NO;
				ENABLE_STRICT_OBJC_MSGSEND = YES;
				GCC_C_LANGUAGE_STANDARD = gnu11;
				GCC_NO_COMMON_BLOCKS = YES;
				GCC_WARN_64_TO_32_BIT_CONVERSION = YES;
				GCC_WARN_ABOUT_RETURN_TYPE = YES_ERROR;
				GCC_WARN_UNDECLARED_SELECTOR = YES;
				GCC_WARN_UNINITIALIZED_AUTOS = YES_AGGRESSIVE;
				GCC_WARN_UNUSED_FUNCTION = YES;
				GCC_WARN_UNUSED_VARIABLE = YES;
				MACOSX_DEPLOYMENT_TARGET = 10.14;
				MTL_ENABLE_DEBUG_INFO = NO;
				MTL_FAST_MATH = YES;
				SDKROOT = macosx;
			};
			name = Release;
		};
		16CA30DA21BDDBC100072E90 /* Debug */ = {
			isa = XCBuildConfiguration;
			buildSettings = {
				CODE_SIGN_STYLE = Automatic;
				OTHER_LDFLAGS = "-v";
				PRODUCT_NAME = "$(TARGET_NAME)";
			};
			name = Debug;
		};
		16CA30DB21BDDBC100072E90 /* Release */ = {
			isa = XCBuildConfiguration;
			buildSettings = {
				CODE_SIGN_STYLE = Automatic;
				OTHER_LDFLAGS = "-v";
				PRODUCT_NAME = "$(TARGET_NAME)";
			};
			name = Release;
		};
/* End XCBuildConfiguration section */

/* Begin XCConfigurationList section */
		16CA30CD21BDDBC100072E90 /* Build configuration list for PBXProject "AdventOfCode" */ = {
			isa = XCConfigurationList;
			buildConfigurations = (
				16CA30D721BDDBC100072E90 /* Debug */,
				16CA30D821BDDBC100072E90 /* Release */,
			);
			defaultConfigurationIsVisible = 0;
			defaultConfigurationName = Release;
		};
		16CA30D921BDDBC100072E90 /* Build configuration list for PBXNativeTarget "AdventOfCode" */ = {
			isa = XCConfigurationList;
			buildConfigurations = (
				16CA30DA21BDDBC100072E90 /* Debug */,
				16CA30DB21BDDBC100072E90 /* Release */,
			);
			defaultConfigurationIsVisible = 0;
			defaultConfigurationName = Release;
		};
/* End XCConfigurationList section */
	};
	rootObject = 16CA30CA21BDDBC100072E90 /* Project object */;
}
